
Microsoft Visual Studio Solution File, Format Version 12.00
# Visual Studio Version 17
VisualStudioVersion = 17.0.32014.148
MinimumVisualStudioVersion = 10.0.40219.1
Project("{2150E333-8FDC-42A3-9474-1A3956D46DE8}") = "Misc", "Misc", "{57686BC9-3CD7-4716-801D-2DD5F2AEA495}"
	ProjectSection(SolutionItems) = preProject
		build.ps1 = build.ps1
	EndProjectSection
EndProject
Project("{2150E333-8FDC-42A3-9474-1A3956D46DE8}") = "Docs", "Docs", "{F57F2C01-44D5-446A-B410-C4ED69B9E4B9}"
EndProject
Project("{2150E333-8FDC-42A3-9474-1A3956D46DE8}") = "Src", "Src", "{31B13CDE-1AE9-4DC8-9045-BAAE95D1E8F6}"
	ProjectSection(SolutionItems) = preProject
		Src\Directory.Build.props = Src\Directory.Build.props
	EndProjectSection
EndProject
Project("{2150E333-8FDC-42A3-9474-1A3956D46DE8}") = "Tests", "Tests", "{EE5A539A-EFFB-42E8-B604-0F5D3F3209B5}"
	ProjectSection(SolutionItems) = preProject
		Tests\Directory.Build.props = Tests\Directory.Build.props
	EndProjectSection
EndProject
Project("{9A19103F-16F7-4668-BE54-9A1E7A4F7556}") = "ContentServer.Core", "Src\ContentServer.Core\ContentServer.Core.csproj", "{9F0F2264-DA9C-4D32-B978-346ED30118CB}"
EndProject
Project("{9A19103F-16F7-4668-BE54-9A1E7A4F7556}") = "ContentServer.Tests", "Tests\ContentServer.Tests\ContentServer.Tests.csproj", "{8D316D13-E669-485A-B47C-0F929DD47106}"
EndProject
Project("{2150E333-8FDC-42A3-9474-1A3956D46DE8}") = "Hosts", "Hosts", "{71CA4B63-EF8B-4855-81AB-017E4E4E5C91}"
EndProject
Project("{9A19103F-16F7-4668-BE54-9A1E7A4F7556}") = "ContentServer.Host", "Hosts\ContentServer.Host\ContentServer.Host.csproj", "{1D636B4A-96B9-405C-BD94-EE8B04F8854A}"
EndProject
Project("{2150E333-8FDC-42A3-9474-1A3956D46DE8}") = "GitHub", "GitHub", "{AC0C7384-9937-41AC-8FCD-94CD34026D3C}"
	ProjectSection(SolutionItems) = preProject
		.github\workflows\dotnet.yml = .github\workflows\dotnet.yml
	EndProjectSection
EndProject
Project("{9A19103F-16F7-4668-BE54-9A1E7A4F7556}") = "ConversionServer.Host", "Hosts\ConversionServer.Host\ConversionServer.Host.csproj", "{F56F595B-F9ED-48CF-8FE1-AB3651D8E00B}"
EndProject
Project("{9A19103F-16F7-4668-BE54-9A1E7A4F7556}") = "ConversionServer.Core", "Src\ConversionServer.Core\ConversionServer.Core.csproj", "{B0B77C2A-F2DF-479F-A1B6-9049B3284DB3}"
EndProject
Project("{9A19103F-16F7-4668-BE54-9A1E7A4F7556}") = "ConversionServer.Core.Tests", "Tests\ConversionServer.Core.Tests\ConversionServer.Core.Tests.csproj", "{18529571-62AD-444B-ADDD-E77865720A11}"
EndProject
Project("{9A19103F-16F7-4668-BE54-9A1E7A4F7556}") = "ConversionServer.ImageMagick", "Src\ConversionServer.ImageMagick\ConversionServer.ImageMagick.csproj", "{8E7E42F1-9B2F-48FC-9E36-4EF73D02B573}"
EndProject
Project("{FAE04EC0-301F-11D3-BF4B-00C04F79EFBC}") = "ContentServer.AzureFunctions", "Hosts\ContentServer.AzureFunctions\ContentServer.AzureFunctions.csproj", "{7B09975D-3950-4FC4-A606-09FBBCC22DA6}"
EndProject
Global
	GlobalSection(SolutionConfigurationPlatforms) = preSolution
		Debug|Any CPU = Debug|Any CPU
		Release|Any CPU = Release|Any CPU
	EndGlobalSection
	GlobalSection(ProjectConfigurationPlatforms) = postSolution
		{9F0F2264-DA9C-4D32-B978-346ED30118CB}.Debug|Any CPU.ActiveCfg = Debug|Any CPU
		{9F0F2264-DA9C-4D32-B978-346ED30118CB}.Debug|Any CPU.Build.0 = Debug|Any CPU
		{9F0F2264-DA9C-4D32-B978-346ED30118CB}.Release|Any CPU.ActiveCfg = Release|Any CPU
		{9F0F2264-DA9C-4D32-B978-346ED30118CB}.Release|Any CPU.Build.0 = Release|Any CPU
		{8D316D13-E669-485A-B47C-0F929DD47106}.Debug|Any CPU.ActiveCfg = Debug|Any CPU
		{8D316D13-E669-485A-B47C-0F929DD47106}.Debug|Any CPU.Build.0 = Debug|Any CPU
		{8D316D13-E669-485A-B47C-0F929DD47106}.Release|Any CPU.ActiveCfg = Release|Any CPU
		{8D316D13-E669-485A-B47C-0F929DD47106}.Release|Any CPU.Build.0 = Release|Any CPU
		{1D636B4A-96B9-405C-BD94-EE8B04F8854A}.Debug|Any CPU.ActiveCfg = Debug|Any CPU
		{1D636B4A-96B9-405C-BD94-EE8B04F8854A}.Debug|Any CPU.Build.0 = Debug|Any CPU
		{1D636B4A-96B9-405C-BD94-EE8B04F8854A}.Release|Any CPU.ActiveCfg = Release|Any CPU
		{1D636B4A-96B9-405C-BD94-EE8B04F8854A}.Release|Any CPU.Build.0 = Release|Any CPU
		{F56F595B-F9ED-48CF-8FE1-AB3651D8E00B}.Debug|Any CPU.ActiveCfg = Debug|Any CPU
		{F56F595B-F9ED-48CF-8FE1-AB3651D8E00B}.Debug|Any CPU.Build.0 = Debug|Any CPU
		{F56F595B-F9ED-48CF-8FE1-AB3651D8E00B}.Release|Any CPU.ActiveCfg = Release|Any CPU
		{F56F595B-F9ED-48CF-8FE1-AB3651D8E00B}.Release|Any CPU.Build.0 = Release|Any CPU
		{B0B77C2A-F2DF-479F-A1B6-9049B3284DB3}.Debug|Any CPU.ActiveCfg = Debug|Any CPU
		{B0B77C2A-F2DF-479F-A1B6-9049B3284DB3}.Debug|Any CPU.Build.0 = Debug|Any CPU
		{B0B77C2A-F2DF-479F-A1B6-9049B3284DB3}.Release|Any CPU.ActiveCfg = Release|Any CPU
		{B0B77C2A-F2DF-479F-A1B6-9049B3284DB3}.Release|Any CPU.Build.0 = Release|Any CPU
		{18529571-62AD-444B-ADDD-E77865720A11}.Debug|Any CPU.ActiveCfg = Debug|Any CPU
		{18529571-62AD-444B-ADDD-E77865720A11}.Debug|Any CPU.Build.0 = Debug|Any CPU
		{18529571-62AD-444B-ADDD-E77865720A11}.Release|Any CPU.ActiveCfg = Release|Any CPU
		{18529571-62AD-444B-ADDD-E77865720A11}.Release|Any CPU.Build.0 = Release|Any CPU
		{8E7E42F1-9B2F-48FC-9E36-4EF73D02B573}.Debug|Any CPU.ActiveCfg = Debug|Any CPU
		{8E7E42F1-9B2F-48FC-9E36-4EF73D02B573}.Debug|Any CPU.Build.0 = Debug|Any CPU
		{8E7E42F1-9B2F-48FC-9E36-4EF73D02B573}.Release|Any CPU.ActiveCfg = Release|Any CPU
		{8E7E42F1-9B2F-48FC-9E36-4EF73D02B573}.Release|Any CPU.Build.0 = Release|Any CPU
		{7B09975D-3950-4FC4-A606-09FBBCC22DA6}.Debug|Any CPU.ActiveCfg = Debug|Any CPU
		{7B09975D-3950-4FC4-A606-09FBBCC22DA6}.Debug|Any CPU.Build.0 = Debug|Any CPU
		{7B09975D-3950-4FC4-A606-09FBBCC22DA6}.Release|Any CPU.ActiveCfg = Release|Any CPU
		{7B09975D-3950-4FC4-A606-09FBBCC22DA6}.Release|Any CPU.Build.0 = Release|Any CPU
	EndGlobalSection
	GlobalSection(SolutionProperties) = preSolution
		HideSolutionNode = FALSE
	EndGlobalSection
	GlobalSection(NestedProjects) = preSolution
		{9F0F2264-DA9C-4D32-B978-346ED30118CB} = {31B13CDE-1AE9-4DC8-9045-BAAE95D1E8F6}
		{8D316D13-E669-485A-B47C-0F929DD47106} = {EE5A539A-EFFB-42E8-B604-0F5D3F3209B5}
		{1D636B4A-96B9-405C-BD94-EE8B04F8854A} = {71CA4B63-EF8B-4855-81AB-017E4E4E5C91}
		{F56F595B-F9ED-48CF-8FE1-AB3651D8E00B} = {71CA4B63-EF8B-4855-81AB-017E4E4E5C91}
		{B0B77C2A-F2DF-479F-A1B6-9049B3284DB3} = {31B13CDE-1AE9-4DC8-9045-BAAE95D1E8F6}
		{18529571-62AD-444B-ADDD-E77865720A11} = {EE5A539A-EFFB-42E8-B604-0F5D3F3209B5}
		{8E7E42F1-9B2F-48FC-9E36-4EF73D02B573} = {31B13CDE-1AE9-4DC8-9045-BAAE95D1E8F6}
		{7B09975D-3950-4FC4-A606-09FBBCC22DA6} = {71CA4B63-EF8B-4855-81AB-017E4E4E5C91}
	EndGlobalSection
	GlobalSection(ExtensibilityGlobals) = postSolution
		SolutionGuid = {C7349413-90D3-423C-9798-CFB6974915B9}
	EndGlobalSection
EndGlobal
